{
  "name": "@dvelop-sdk/dms",
  "version": "1.0.0-beta.2",
  "lockfileVersion": 2,
  "requires": true,
  "packages": {
    "": {
      "name": "@dvelop-sdk/dms",
      "version": "1.0.0-beta.2",
      "license": "Apache-2.0",
      "dependencies": {
        "@dvelop-sdk/axios-hal-json": "^2.0.4",
        "axios": "^0.21.4"
      }
    },
    "../axios-hal-json": {
      "name": "@dvelop-sdk/axios-hal-json",
      "version": "2.0.5",
      "license": "Apache-2.0",
      "dependencies": {
        "axios": "^0.21.4"
      },
      "devDependencies": {
        "@types/axios": "^0.14.0"
      }
    },
    "../axios-hal-json/node_modules/@types/axios": {
      "version": "0.14.0",
      "dev": true,
      "license": "MIT",
      "dependencies": {
        "axios": "*"
      }
    },
    "../axios-hal-json/node_modules/axios": {
      "version": "0.21.1",
      "license": "MIT",
      "dependencies": {
        "follow-redirects": "^1.10.0"
      }
    },
    "../axios-hal-json/node_modules/follow-redirects": {
      "version": "1.14.1",
      "funding": [
        {
          "type": "individual",
          "url": "https://github.com/sponsors/RubenVerborgh"
        }
      ],
      "license": "MIT",
      "engines": {
        "node": ">=4.0"
      },
      "peerDependenciesMeta": {
        "debug": {
          "optional": true
        }
      }
    },
    "node_modules/@dvelop-sdk/axios-hal-json": {
      "resolved": "../axios-hal-json",
      "link": true
    },
    "node_modules/axios": {
      "version": "0.21.4",
      "resolved": "https://registry.npmjs.org/axios/-/axios-0.21.4.tgz",
      "integrity": "sha512-ut5vewkiu8jjGBdqpM44XxjuCjq9LAKeHVmoVfHVzy8eHgxxq8SbAVQNovDA8mVi05kP0Ea/n/UzcSHcTJQfNg==",
      "dependencies": {
        "follow-redirects": "^1.14.0"
      }
    },
    "node_modules/follow-redirects": {
      "version": "1.14.1",
      "funding": [
        {
          "type": "individual",
          "url": "https://github.com/sponsors/RubenVerborgh"
        }
      ],
      "license": "MIT",
      "engines": {
        "node": ">=4.0"
      },
      "peerDependenciesMeta": {
        "debug": {
          "optional": true
        }
      }
    }
  },
  "dependencies": {
    "@dvelop-sdk/axios-hal-json": {
      "version": "file:../axios-hal-json",
      "requires": {
        "@types/axios": "^0.14.0",
        "axios": "^0.21.4"
      },
      "dependencies": {
        "@types/axios": {
          "version": "0.14.0",
          "dev": true,
          "requires": {
            "axios": "*"
          }
        },
        "axios": {
          "version": "0.21.1",
          "requires": {
            "follow-redirects": "^1.10.0"
          }
        },
        "follow-redirects": {
          "version": "1.14.1"
        }
      }
    },
    "axios": {
      "version": "0.21.4",
      "resolved": "https://registry.npmjs.org/axios/-/axios-0.21.4.tgz",
      "integrity": "sha512-ut5vewkiu8jjGBdqpM44XxjuCjq9LAKeHVmoVfHVzy8eHgxxq8SbAVQNovDA8mVi05kP0Ea/n/UzcSHcTJQfNg==",
      "requires": {
        "follow-redirects": "^1.14.0"
      }
    },
    "follow-redirects": {
      "version": "1.14.1"
    }
  }
}
