{
  "name": "@dvelop-sdk/task",
  "version": "2.0.10",
  "lockfileVersion": 2,
  "requires": true,
  "packages": {
    "": {
      "name": "@dvelop-sdk/task",
      "version": "2.0.9",
      "license": "Apache-2.0",
      "dependencies": {
        "@dvelop-sdk/axios-hal-json": "^2.0.2",
        "axios": "^0.21.1",
        "uuid": "^8.3.2"
      },
      "devDependencies": {
        "@types/uuid": "^8.3.0"
      }
    },
    "../axios-hal-json": {
      "name": "@dvelop-sdk/axios-hal-json",
      "version": "2.0.2",
      "license": "Apache-2.0",
      "devDependencies": {
        "@types/axios": "^0.14.0"
      }
    },
    "../axios-hal-json/node_modules/@types/axios": {
      "version": "0.14.0",
      "dev": true,
      "license": "MIT",
      "dependencies": {
        "axios": "*"
      }
    },
    "../axios-hal-json/node_modules/axios": {
      "version": "0.21.1",
      "dev": true,
      "license": "MIT",
      "dependencies": {
        "follow-redirects": "^1.10.0"
      }
    },
    "../axios-hal-json/node_modules/follow-redirects": {
      "version": "1.14.1",
      "dev": true,
      "funding": [
        {
          "type": "individual",
          "url": "https://github.com/sponsors/RubenVerborgh"
        }
      ],
      "license": "MIT",
      "engines": {
        "node": ">=4.0"
      },
      "peerDependenciesMeta": {
        "debug": {
          "optional": true
        }
      }
    },
    "node_modules/@dvelop-sdk/axios-hal-json": {
      "resolved": "../axios-hal-json",
      "link": true
    },
    "node_modules/@types/uuid": {
      "version": "8.3.0",
      "dev": true,
      "license": "MIT"
    },
    "node_modules/axios": {
      "version": "0.21.1",
      "license": "MIT",
      "dependencies": {
        "follow-redirects": "^1.10.0"
      }
    },
    "node_modules/follow-redirects": {
      "version": "1.13.3",
      "funding": [
        {
          "type": "individual",
          "url": "https://github.com/sponsors/RubenVerborgh"
        }
      ],
      "license": "MIT",
      "engines": {
        "node": ">=4.0"
      },
      "peerDependenciesMeta": {
        "debug": {
          "optional": true
        }
      }
    },
    "node_modules/uuid": {
      "version": "8.3.2",
      "license": "MIT",
      "bin": {
        "uuid": "dist/bin/uuid"
      }
    }
  },
  "dependencies": {
    "@dvelop-sdk/axios-hal-json": {
      "version": "file:../axios-hal-json",
      "requires": {
        "@types/axios": "^0.14.0"
      },
      "dependencies": {
        "@types/axios": {
          "version": "0.14.0",
          "dev": true,
          "requires": {
            "axios": "*"
          }
        },
        "axios": {
          "version": "0.21.1",
          "dev": true,
          "requires": {
            "follow-redirects": "^1.10.0"
          }
        },
        "follow-redirects": {
          "version": "1.14.1",
          "dev": true
        }
      }
    },
    "@types/uuid": {
      "version": "8.3.0",
      "dev": true
    },
    "axios": {
      "version": "0.21.1",
      "requires": {
        "follow-redirects": "^1.10.0"
      }
    },
    "follow-redirects": {
      "version": "1.13.3"
    },
    "uuid": {
      "version": "8.3.2"
    }
  }
}
