{
	"name": "@dvelop-sdk/identityprovider",
	"version": "0.0.1",
	"lockfileVersion": 1,
	"requires": true,
	"dependencies": {
		"axios": {
			"version": "0.21.1",
			"resolved": "https://nuget.d-velop.de/npm/dvelop-npm/axios/-/axios-0.21.1.tgz",
			"integrity": "sha1-IlY0gZYvTWvemnbVFu8OXTwJsrg=",
			"requires": {
				"follow-redirects": "^1.10.0"
			}
		},
		"axios-mock-adapter": {
			"version": "1.19.0",
			"resolved": "https://nuget.d-velop.de/npm/dvelop-npm/axios-mock-adapter/-/axios-mock-adapter-1.19.0.tgz",
			"integrity": "sha1-nXLjIabFQY4e/wZ6qZdhqGxRiKQ=",
			"requires": {
				"fast-deep-equal": "^3.1.3",
				"is-buffer": "^2.0.3"
			}
		},
		"fast-deep-equal": {
			"version": "3.1.3",
			"resolved": "https://nuget.d-velop.de/npm/dvelop-npm/fast-deep-equal/-/fast-deep-equal-3.1.3.tgz",
			"integrity": "sha1-On1WtVnWy8PrUSMlJE5hmmXGxSU="
		},
		"follow-redirects": {
			"version": "1.13.2",
			"resolved": "https://nuget.d-velop.de/npm/dvelop-npm/follow-redirects/-/follow-redirects-1.13.2.tgz",
			"integrity": "sha1-3XPI7/wScoulz0JZ12DqX7g+MUc="
		},
		"is-buffer": {
			"version": "2.0.5",
			"resolved": "https://nuget.d-velop.de/npm/dvelop-npm/is-buffer/-/is-buffer-2.0.5.tgz",
			"integrity": "sha1-68JS5ADSL/jXf6CYiIIaJKZYwZE="
		}
	}
}
