{
	"name": "@dvelop-sdk/identityprovider",
	"version": "0.0.1",
	"lockfileVersion": 1,
	"requires": true,
	"dependencies": {
		"axios": {
			"version": "0.21.1",
			"resolved": "https://nuget.d-velop.de/npm/dvelop-npm/axios/-/axios-0.21.1.tgz",
			"integrity": "sha1-IlY0gZYvTWvemnbVFu8OXTwJsrg=",
			"requires": {
				"follow-redirects": "^1.10.0"
			}
		},
		"follow-redirects": {
			"version": "1.13.3",
			"resolved": "https://nuget.d-velop.de/npm/dvelop-npm/follow-redirects/-/follow-redirects-1.13.3.tgz",
			"integrity": "sha1-5VmK1QF0wbxOhyMB6CrCzZf5Amc="
		}
	}
}
